
Microsoft Visual Studio Solution File, Format Version 12.00
# Visual Studio Version 17
VisualStudioVersion = 17.14.36301.6
MinimumVisualStudioVersion = 10.0.40219.1
Project("{FAE04EC0-301F-11D3-BF4B-00C04F79EFBC}") = "MyFinances", "MyFinances\MyFinances.csproj", "{A6F268A4-D108-BF8E-3C2B-2ECBF4C2A11B}"
EndProject
Project("{FAE04EC0-301F-11D3-BF4B-00C04F79EFBC}") = "MyFinances.Core", "MyFinances.Core\MyFinances.Core.csproj", "{218B1A4E-8E4D-A003-E8A1-33CC8A1B4F60}"
EndProject
Project("{FAE04EC0-301F-11D3-BF4B-00C04F79EFBC}") = "MyFinances.WebApi", "MyFinances.WebApi\MyFinances.WebApi.csproj", "{EC437EDB-A323-1370-C40F-46CD810E2CA7}"
EndProject
Global
	GlobalSection(SolutionConfigurationPlatforms) = preSolution
		Debug|Any CPU = Debug|Any CPU
		Release|Any CPU = Release|Any CPU
	EndGlobalSection
	GlobalSection(ProjectConfigurationPlatforms) = postSolution
		{A6F268A4-D108-BF8E-3C2B-2ECBF4C2A11B}.Debug|Any CPU.ActiveCfg = Debug|Any CPU
		{A6F268A4-D108-BF8E-3C2B-2ECBF4C2A11B}.Debug|Any CPU.Build.0 = Debug|Any CPU
		{A6F268A4-D108-BF8E-3C2B-2ECBF4C2A11B}.Release|Any CPU.ActiveCfg = Release|Any CPU
		{A6F268A4-D108-BF8E-3C2B-2ECBF4C2A11B}.Release|Any CPU.Build.0 = Release|Any CPU
		{218B1A4E-8E4D-A003-E8A1-33CC8A1B4F60}.Debug|Any CPU.ActiveCfg = Debug|Any CPU
		{218B1A4E-8E4D-A003-E8A1-33CC8A1B4F60}.Debug|Any CPU.Build.0 = Debug|Any CPU
		{218B1A4E-8E4D-A003-E8A1-33CC8A1B4F60}.Release|Any CPU.ActiveCfg = Release|Any CPU
		{218B1A4E-8E4D-A003-E8A1-33CC8A1B4F60}.Release|Any CPU.Build.0 = Release|Any CPU
		{EC437EDB-A323-1370-C40F-46CD810E2CA7}.Debug|Any CPU.ActiveCfg = Debug|Any CPU
		{EC437EDB-A323-1370-C40F-46CD810E2CA7}.Debug|Any CPU.Build.0 = Debug|Any CPU
		{EC437EDB-A323-1370-C40F-46CD810E2CA7}.Release|Any CPU.ActiveCfg = Release|Any CPU
		{EC437EDB-A323-1370-C40F-46CD810E2CA7}.Release|Any CPU.Build.0 = Release|Any CPU
	EndGlobalSection
	GlobalSection(SolutionProperties) = preSolution
		HideSolutionNode = FALSE
	EndGlobalSection
	GlobalSection(ExtensibilityGlobals) = postSolution
		SolutionGuid = {8CE39B20-E5A6-43C0-ADE1-AA8572C664A3}
	EndGlobalSection
EndGlobal
